// !$*UTF8*$!
{
	archiveVersion = 1;
	classes = {
	};
	objectVersion = 50;
	objects = {

/* Begin PBXBuildFile section */
		06BA97ED21B6B42E0016C734 /* AppDelegate.m in Sources */ = {isa = PBXBuildFile; fileRef = 06BA97EC21B6B42E0016C734 /* AppDelegate.m */; };
		06BA97F021B6B42E0016C734 /* ViewController.m in Sources */ = {isa = PBXBuildFile; fileRef = 06BA97EF21B6B42E0016C734 /* ViewController.m */; };
		06BA97F321B6B42E0016C734 /* Main.storyboard in Resources */ = {isa = PBXBuildFile; fileRef = 06BA97F121B6B42E0016C734 /* Main.storyboard */; };
		06BA97F521B6B4320016C734 /* Assets.xcassets in Resources */ = {isa = PBXBuildFile; fileRef = 06BA97F421B6B4320016C734 /* Assets.xcassets */; };
		06BA97F821B6B4320016C734 /* LaunchScreen.storyboard in Resources */ = {isa = PBXBuildFile; fileRef = 06BA97F621B6B4320016C734 /* LaunchScreen.storyboard */; };
		06BA97FB21B6B4320016C734 /* main.m in Sources */ = {isa = PBXBuildFile; fileRef = 06BA97FA21B6B4320016C734 /* main.m */; };
/* End PBXBuildFile section */

/* Begin PBXFileReference section */
		06BA97E821B6B42E0016C734 /* Example 8 LoginView.app */ = {isa = PBXFileReference; explicitFileType = wrapper.application; includeInIndex = 0; path = "Example 8 LoginView.app"; sourceTree = BUILT_PRODUCTS_DIR; };
		06BA97EB21B6B42E0016C734 /* AppDelegate.h */ = {isa = PBXFileReference; lastKnownFileType = sourcecode.c.h; path = AppDelegate.h; sourceTree = "<group>"; };
		06BA97EC21B6B42E0016C734 /* AppDelegate.m */ = {isa = PBXFileReference; lastKnownFileType = sourcecode.c.objc; path = AppDelegate.m; sourceTree = "<group>"; };
		06BA97EE21B6B42E0016C734 /* ViewController.h */ = {isa = PBXFileReference; lastKnownFileType = sourcecode.c.h; path = ViewController.h; sourceTree = "<group>"; };
		06BA97EF21B6B42E0016C734 /* ViewController.m */ = {isa = PBXFileReference; lastKnownFileType = sourcecode.c.objc; path = ViewController.m; sourceTree = "<group>"; };
		06BA97F221B6B42E0016C734 /* Base */ = {isa = PBXFileReference; lastKnownFileType = file.storyboard; name = Base; path = Base.lproj/Main.storyboard; sourceTree = "<group>"; };
		06BA97F421B6B4320016C734 /* Assets.xcassets */ = {isa = PBXFileReference; lastKnownFileType = folder.assetcatalog; path = Assets.xcassets; sourceTree = "<group>"; };
		06BA97F721B6B4320016C734 /* Base */ = {isa = PBXFileReference; lastKnownFileType = file.storyboard; name = Base; path = Base.lproj/LaunchScreen.storyboard; sourceTree = "<group>"; };
		06BA97F921B6B4320016C734 /* Info.plist */ = {isa = PBXFileReference; lastKnownFileType = text.plist.xml; path = Info.plist; sourceTree = "<group>"; };
		06BA97FA21B6B4320016C734 /* main.m */ = {isa = PBXFileReference; lastKnownFileType = sourcecode.c.objc; path = main.m; sourceTree = "<group>"; };
/* End PBXFileReference section */

/* Begin PBXFrameworksBuildPhase section */
		06BA97E521B6B42E0016C734 /* Frameworks */ = {
			isa = PBXFrameworksBuildPhase;
			buildActionMask = 2147483647;
			files = (
			);
			runOnlyForDeploymentPostprocessing = 0;
		};
/* End PBXFrameworksBuildPhase section */

/* Begin PBXGroup section */
		06BA97DF21B6B42D0016C734 = {
			isa = PBXGroup;
			children = (
				06BA97EA21B6B42E0016C734 /* Example 8 LoginView */,
				06BA97E921B6B42E0016C734 /* Products */,
			);
			sourceTree = "<group>";
		};
		06BA97E921B6B42E0016C734 /* Products */ = {
			isa = PBXGroup;
			children = (
				06BA97E821B6B42E0016C734 /* Example 8 LoginView.app */,
			);
			name = Products;
			sourceTree = "<group>";
		};
		06BA97EA21B6B42E0016C734 /* Example 8 LoginView */ = {
			isa = PBXGroup;
			children = (
				06BA97EB21B6B42E0016C734 /* AppDelegate.h */,
				06BA97EC21B6B42E0016C734 /* AppDelegate.m */,
				06BA97EE21B6B42E0016C734 /* ViewController.h */,
				06BA97EF21B6B42E0016C734 /* ViewController.m */,
				06BA97F121B6B42E0016C734 /* Main.storyboard */,
				06BA97F421B6B4320016C734 /* Assets.xcassets */,
				06BA97F621B6B4320016C734 /* LaunchScreen.storyboard */,
				06BA97F921B6B4320016C734 /* Info.plist */,
				06BA97FA21B6B4320016C734 /* main.m */,
			);
			path = "Example 8 LoginView";
			sourceTree = "<group>";
		};
/* End PBXGroup section */

/* Begin PBXNativeTarget section */
		06BA97E721B6B42E0016C734 /* Example 8 LoginView */ = {
			isa = PBXNativeTarget;
			buildConfigurationList = 06BA97FE21B6B4320016C734 /* Build configuration list for PBXNativeTarget "Example 8 LoginView" */;
			buildPhases = (
				06BA97E421B6B42E0016C734 /* Sources */,
				06BA97E521B6B42E0016C734 /* Frameworks */,
				06BA97E621B6B42E0016C734 /* Resources */,
			);
			buildRules = (
			);
			dependencies = (
			);
			name = "Example 8 LoginView";
			productName = "Example 8 LoginView";
			productReference = 06BA97E821B6B42E0016C734 /* Example 8 LoginView.app */;
			productType = "com.apple.product-type.application";
		};
/* End PBXNativeTarget section */

/* Begin PBXProject section */
		06BA97E021B6B42D0016C734 /* Project object */ = {
			isa = PBXProject;
			attributes = {
				LastUpgradeCheck = 1010;
				ORGANIZATIONNAME = "Ladybird Web Solution";
				TargetAttributes = {
					06BA97E721B6B42E0016C734 = {
						CreatedOnToolsVersion = 10.1;
					};
				};
			};
			buildConfigurationList = 06BA97E321B6B42D0016C734 /* Build configuration list for PBXProject "Example 8 LoginView" */;
			compatibilityVersion = "Xcode 9.3";
			developmentRegion = en;
			hasScannedForEncodings = 0;
			knownRegions = (
				en,
				Base,
			);
			mainGroup = 06BA97DF21B6B42D0016C734;
			productRefGroup = 06BA97E921B6B42E0016C734 /* Products */;
			projectDirPath = "";
			projectRoot = "";
			targets = (
				06BA97E721B6B42E0016C734 /* Example 8 LoginView */,
			);
		};
/* End PBXProject section */

/* Begin PBXResourcesBuildPhase section */
		06BA97E621B6B42E0016C734 /* Resources */ = {
			isa = PBXResourcesBuildPhase;
			buildActionMask = 2147483647;
			files = (
				06BA97F821B6B4320016C734 /* LaunchScreen.storyboard in Resources */,
				06BA97F521B6B4320016C734 /* Assets.xcassets in Resources */,
				06BA97F321B6B42E0016C734 /* Main.storyboard in Resources */,
			);
			runOnlyForDeploymentPostprocessing = 0;
		};
/* End PBXResourcesBuildPhase section */

/* Begin PBXSourcesBuildPhase section */
		06BA97E421B6B42E0016C734 /* Sources */ = {
			isa = PBXSourcesBuildPhase;
			buildActionMask = 2147483647;
			files = (
				06BA97F021B6B42E0016C734 /* ViewController.m in Sources */,
				06BA97FB21B6B4320016C734 /* main.m in Sources */,
				06BA97ED21B6B42E0016C734 /* AppDelegate.m in Sources */,
			);
			runOnlyForDeploymentPostprocessing = 0;
		};
/* End PBXSourcesBuildPhase section */

/* Begin PBXVariantGroup section */
		06BA97F121B6B42E0016C734 /* Main.storyboard */ = {
			isa = PBXVariantGroup;
			children = (
				06BA97F221B6B42E0016C734 /* Base */,
			);
			name = Main.storyboard;
			sourceTree = "<group>";
		};
		06BA97F621B6B4320016C734 /* LaunchScreen.storyboard */ = {
			isa = PBXVariantGroup;
			children = (
				06BA97F721B6B4320016C734 /* Base */,
			);
			name = LaunchScreen.storyboard;
			sourceTree = "<group>";
		};
/* End PBXVariantGroup section */

/* Begin XCBuildConfiguration section */
		06BA97FC21B6B4320016C734 /* Debug */ = {
			isa = XCBuildConfiguration;
			buildSettings = {
				ALWAYS_SEARCH_USER_PATHS = NO;
				CLANG_ANALYZER_NONNULL = YES;
				CLANG_ANALYZER_NUMBER_OBJECT_CONVERSION = YES_AGGRESSIVE;
				CLANG_CXX_LANGUAGE_STANDARD = "gnu++14";
				CLANG_CXX_LIBRARY = "libc++";
				CLANG_ENABLE_MODULES = YES;
				CLANG_ENABLE_OBJC_ARC = YES;
				CLANG_ENABLE_OBJC_WEAK = YES;
				CLANG_WARN_BLOCK_CAPTURE_AUTORELEASING = YES;
				CLANG_WARN_BOOL_CONVERSION = YES;
				CLANG_WARN_COMMA = YES;
				CLANG_WARN_CONSTANT_CONVERSION = YES;
				CLANG_WARN_DEPRECATED_OBJC_IMPLEMENTATIONS = YES;
				CLANG_WARN_DIRECT_OBJC_ISA_USAGE = YES_ERROR;
				CLANG_WARN_DOCUMENTATION_COMMENTS = YES;
				CLANG_WARN_EMPTY_BODY = YES;
				CLANG_WARN_ENUM_CONVERSION = YES;
				CLANG_WARN_INFINITE_RECURSION = YES;
				CLANG_WARN_INT_CONVERSION = YES;
				CLANG_WARN_NON_LITERAL_NULL_CONVERSION = YES;
				CLANG_WARN_OBJC_IMPLICIT_RETAIN_SELF = YES;
				CLANG_WARN_OBJC_LITERAL_CONVERSION = YES;
				CLANG_WARN_OBJC_ROOT_CLASS = YES_ERROR;
				CLANG_WARN_RANGE_LOOP_ANALYSIS = YES;
				CLANG_WARN_STRICT_PROTOTYPES = YES;
				CLANG_WARN_SUSPICIOUS_MOVE = YES;
				CLANG_WARN_UNGUARDED_AVAILABILITY = YES_AGGRESSIVE;
				CLANG_WARN_UNREACHABLE_CODE = YES;
				CLANG_WARN__DUPLICATE_METHOD_MATCH = YES;
				CODE_SIGN_IDENTITY = "iPhone Developer";
				COPY_PHASE_STRIP = NO;
				DEBUG_INFORMATION_FORMAT = dwarf;
				ENABLE_STRICT_OBJC_MSGSEND = YES;
				ENABLE_TESTABILITY = YES;
				GCC_C_LANGUAGE_STANDARD = gnu11;
				GCC_DYNAMIC_NO_PIC = NO;
				GCC_NO_COMMON_BLOCKS = YES;
				GCC_OPTIMIZATION_LEVEL = 0;
				GCC_PREPROCESSOR_DEFINITIONS = (
					"DEBUG=1",
					"$(inherited)",
				);
				GCC_WARN_64_TO_32_BIT_CONVERSION = YES;
				GCC_WARN_ABOUT_RETURN_TYPE = YES_ERROR;
				GCC_WARN_UNDECLARED_SELECTOR = YES;
				GCC_WARN_UNINITIALIZED_AUTOS = YES_AGGRESSIVE;
				GCC_WARN_UNUSED_FUNCTION = YES;
				GCC_WARN_UNUSED_VARIABLE = YES;
				IPHONEOS_DEPLOYMENT_TARGET = 12.1;
				MTL_ENABLE_DEBUG_INFO = INCLUDE_SOURCE;
				MTL_FAST_MATH = YES;
				ONLY_ACTIVE_ARCH = YES;
				SDKROOT = iphoneos;
			};
			name = Debug;
		};
		06BA97FD21B6B4320016C734 /* Release */ = {
			isa = XCBuildConfiguration;
			buildSettings = {
				ALWAYS_SEARCH_USER_PATHS = NO;
				CLANG_ANALYZER_NONNULL = YES;
				CLANG_ANALYZER_NUMBER_OBJECT_CONVERSION = YES_AGGRESSIVE;
				CLANG_CXX_LANGUAGE_STANDARD = "gnu++14";
				CLANG_CXX_LIBRARY = "libc++";
				CLANG_ENABLE_MODULES = YES;
				CLANG_ENABLE_OBJC_ARC = YES;
				CLANG_ENABLE_OBJC_WEAK = YES;
				CLANG_WARN_BLOCK_CAPTURE_AUTORELEASING = YES;
				CLANG_WARN_BOOL_CONVERSION = YES;
				CLANG_WARN_COMMA = YES;
				CLANG_WARN_CONSTANT_CONVERSION = YES;
				CLANG_WARN_DEPRECATED_OBJC_IMPLEMENTATIONS = YES;
				CLANG_WARN_DIRECT_OBJC_ISA_USAGE = YES_ERROR;
				CLANG_WARN_DOCUMENTATION_COMMENTS = YES;
				CLANG_WARN_EMPTY_BODY = YES;
				CLANG_WARN_ENUM_CONVERSION = YES;
				CLANG_WARN_INFINITE_RECURSION = YES;
				CLANG_WARN_INT_CONVERSION = YES;
				CLANG_WARN_NON_LITERAL_NULL_CONVERSION = YES;
				CLANG_WARN_OBJC_IMPLICIT_RETAIN_SELF = YES;
				CLANG_WARN_OBJC_LITERAL_CONVERSION = YES;
				CLANG_WARN_OBJC_ROOT_CLASS = YES_ERROR;
				CLANG_WARN_RANGE_LOOP_ANALYSIS = YES;
				CLANG_WARN_STRICT_PROTOTYPES = YES;
				CLANG_WARN_SUSPICIOUS_MOVE = YES;
				CLANG_WARN_UNGUARDED_AVAILABILITY = YES_AGGRESSIVE;
				CLANG_WARN_UNREACHABLE_CODE = YES;
				CLANG_WARN__DUPLICATE_METHOD_MATCH = YES;
				CODE_SIGN_IDENTITY = "iPhone Developer";
				COPY_PHASE_STRIP = NO;
				DEBUG_INFORMATION_FORMAT = "dwarf-with-dsym";
				ENABLE_NS_ASSERTIONS = NO;
				ENABLE_STRICT_OBJC_MSGSEND = YES;
				GCC_C_LANGUAGE_STANDARD = gnu11;
				GCC_NO_COMMON_BLOCKS = YES;
				GCC_WARN_64_TO_32_BIT_CONVERSION = YES;
				GCC_WARN_ABOUT_RETURN_TYPE = YES_ERROR;
				GCC_WARN_UNDECLARED_SELECTOR = YES;
				GCC_WARN_UNINITIALIZED_AUTOS = YES_AGGRESSIVE;
				GCC_WARN_UNUSED_FUNCTION = YES;
				GCC_WARN_UNUSED_VARIABLE = YES;
				IPHONEOS_DEPLOYMENT_TARGET = 12.1;
				MTL_ENABLE_DEBUG_INFO = NO;
				MTL_FAST_MATH = YES;
				SDKROOT = iphoneos;
				VALIDATE_PRODUCT = YES;
			};
			name = Release;
		};
		06BA97FF21B6B4320016C734 /* Debug */ = {
			isa = XCBuildConfiguration;
			buildSettings = {
				ASSETCATALOG_COMPILER_APPICON_NAME = AppIcon;
				CODE_SIGN_STYLE = Automatic;
				DEVELOPMENT_TEAM = CTCM9YM55B;
				INFOPLIST_FILE = "Example 8 LoginView/Info.plist";
				LD_RUNPATH_SEARCH_PATHS = (
					"$(inherited)",
					"@executable_path/Frameworks",
				);
				PRODUCT_BUNDLE_IDENTIFIER = "com.ladybirdwebsolutions.Example-8-LoginView";
				PRODUCT_NAME = "$(TARGET_NAME)";
				TARGETED_DEVICE_FAMILY = "1,2";
			};
			name = Debug;
		};
		06BA980021B6B4320016C734 /* Release */ = {
			isa = XCBuildConfiguration;
			buildSettings = {
				ASSETCATALOG_COMPILER_APPICON_NAME = AppIcon;
				CODE_SIGN_STYLE = Automatic;
				DEVELOPMENT_TEAM = CTCM9YM55B;
				INFOPLIST_FILE = "Example 8 LoginView/Info.plist";
				LD_RUNPATH_SEARCH_PATHS = (
					"$(inherited)",
					"@executable_path/Frameworks",
				);
				PRODUCT_BUNDLE_IDENTIFIER = "com.ladybirdwebsolutions.Example-8-LoginView";
				PRODUCT_NAME = "$(TARGET_NAME)";
				TARGETED_DEVICE_FAMILY = "1,2";
			};
			name = Release;
		};
/* End XCBuildConfiguration section */

/* Begin XCConfigurationList section */
		06BA97E321B6B42D0016C734 /* Build configuration list for PBXProject "Example 8 LoginView" */ = {
			isa = XCConfigurationList;
			buildConfigurations = (
				06BA97FC21B6B4320016C734 /* Debug */,
				06BA97FD21B6B4320016C734 /* Release */,
			);
			defaultConfigurationIsVisible = 0;
			defaultConfigurationName = Release;
		};
		06BA97FE21B6B4320016C734 /* Build configuration list for PBXNativeTarget "Example 8 LoginView" */ = {
			isa = XCConfigurationList;
			buildConfigurations = (
				06BA97FF21B6B4320016C734 /* Debug */,
				06BA980021B6B4320016C734 /* Release */,
			);
			defaultConfigurationIsVisible = 0;
			defaultConfigurationName = Release;
		};
/* End XCConfigurationList section */
	};
	rootObject = 06BA97E021B6B42D0016C734 /* Project object */;
}
